// !$*UTF8*$!
{
	archiveVersion = 1;
	classes = {
	};
	objectVersion = 56;
	objects = {

/* Begin PBXBuildFile section */
		A508213F2AB3D19B00E0CBD8 /* TAKCAConfigResponseParser.swift in Sources */ = {isa = PBXBuildFile; fileRef = A508213E2AB3D19B00E0CBD8 /* TAKCAConfigResponseParser.swift */; };
		A50C5F5B2A5F92FF001E52E6 /* SettingsStore.swift in Sources */ = {isa = PBXBuildFile; fileRef = A50C5F5A2A5F92FF001E52E6 /* SettingsStore.swift */; };
		A50C5F5D2A601CF0001E52E6 /* SettingsView.swift in Sources */ = {isa = PBXBuildFile; fileRef = A50C5F5C2A601CF0001E52E6 /* SettingsView.swift */; };
		A50C5F5F2A6032D2001E52E6 /* AlertView.swift in Sources */ = {isa = PBXBuildFile; fileRef = A50C5F5E2A6032D2001E52E6 /* AlertView.swift */; };
		A50C5F612A6032E8001E52E6 /* ChatView.swift in Sources */ = {isa = PBXBuildFile; fileRef = A50C5F602A6032E8001E52E6 /* ChatView.swift */; };
		A54F70872AB0AEA400D8C541 /* DataPackageParserTests.swift in Sources */ = {isa = PBXBuildFile; fileRef = A54F70862AB0AEA400D8C541 /* DataPackageParserTests.swift */; };
		A54F70892AB0C40B00D8C541 /* TCPMessageTests.swift in Sources */ = {isa = PBXBuildFile; fileRef = A54F70882AB0C40B00D8C541 /* TCPMessageTests.swift */; };
		A54F708A2AB0C41100D8C541 /* TCPMessage.swift in Sources */ = {isa = PBXBuildFile; fileRef = A5BF02012A5EBCA40043065B /* TCPMessage.swift */; };
		A55CE96B2AB1D8860081AF86 /* Converter.swift in Sources */ = {isa = PBXBuildFile; fileRef = A55CE96A2AB1D8860081AF86 /* Converter.swift */; };
		A55CE96D2AB1D8A20081AF86 /* ConverterTests.swift in Sources */ = {isa = PBXBuildFile; fileRef = A55CE96C2AB1D8A20081AF86 /* ConverterTests.swift */; };
		A55CE96E2AB1D8AA0081AF86 /* Converter.swift in Sources */ = {isa = PBXBuildFile; fileRef = A55CE96A2AB1D8860081AF86 /* Converter.swift */; };
		A57BA53B2AB8DB3800452D85 /* SwiftTAK in Frameworks */ = {isa = PBXBuildFile; productRef = A57BA53A2AB8DB3800452D85 /* SwiftTAK */; };
		A59C08472AACF95100C33B44 /* CertificateManager.swift in Sources */ = {isa = PBXBuildFile; fileRef = A59C08462AACF95100C33B44 /* CertificateManager.swift */; };
		A59C08482AAE105100C33B44 /* CertificateManager.swift in Sources */ = {isa = PBXBuildFile; fileRef = A59C08462AACF95100C33B44 /* CertificateManager.swift */; };
		A5A49D902A5459B5009764C1 /* TAKManager.swift in Sources */ = {isa = PBXBuildFile; fileRef = A5A49D8F2A5459B5009764C1 /* TAKManager.swift */; };
		A5BF02002A5EB7440043065B /* UDPMessage.swift in Sources */ = {isa = PBXBuildFile; fileRef = A5BF01FF2A5EB63F0043065B /* UDPMessage.swift */; };
		A5BF02022A5EBCA40043065B /* TCPMessage.swift in Sources */ = {isa = PBXBuildFile; fileRef = A5BF02012A5EBCA40043065B /* TCPMessage.swift */; };
		A5D8D37E2A53B0F9002F0E3E /* TAKTrackerApp.swift in Sources */ = {isa = PBXBuildFile; fileRef = A5D8D37D2A53B0F9002F0E3E /* TAKTrackerApp.swift */; };
		A5D8D3802A53B0F9002F0E3E /* MainScreen.swift in Sources */ = {isa = PBXBuildFile; fileRef = A5D8D37F2A53B0F9002F0E3E /* MainScreen.swift */; };
		A5D8D3852A53B0FA002F0E3E /* Preview Assets.xcassets in Resources */ = {isa = PBXBuildFile; fileRef = A5D8D3842A53B0FA002F0E3E /* Preview Assets.xcassets */; };
		A5D8D3992A53B0FB002F0E3E /* TAKTrackerUITests.swift in Sources */ = {isa = PBXBuildFile; fileRef = A5D8D3982A53B0FB002F0E3E /* TAKTrackerUITests.swift */; };
		A5D8D39B2A53B0FB002F0E3E /* TAKTrackerUITestsLaunchTests.swift in Sources */ = {isa = PBXBuildFile; fileRef = A5D8D39A2A53B0FB002F0E3E /* TAKTrackerUITestsLaunchTests.swift */; };
		A5D8D3A82A53B465002F0E3E /* LocationManager.swift in Sources */ = {isa = PBXBuildFile; fileRef = A5D8D3A72A53B465002F0E3E /* LocationManager.swift */; };
		A5E7B00B2A70B5FA00D9203F /* TAKDataPackageParser.swift in Sources */ = {isa = PBXBuildFile; fileRef = A5E7B00A2A70B5F900D9203F /* TAKDataPackageParser.swift */; };
		A5E7B0182A76AA8B00D9203F /* TAKLogger.swift in Sources */ = {isa = PBXBuildFile; fileRef = A5E7B0172A76AA8B00D9203F /* TAKLogger.swift */; };
		A5FB4E622A8FDF430034966D /* X509 in Frameworks */ = {isa = PBXBuildFile; productRef = A5FB4E612A8FDF430034966D /* X509 */; };
		A5FB4E642A8FE0020034966D /* CSRRequestor.swift in Sources */ = {isa = PBXBuildFile; fileRef = A5FB4E632A8FE0020034966D /* CSRRequestor.swift */; };
		A5FB4E662A98D0FF0034966D /* TAKConstants.swift in Sources */ = {isa = PBXBuildFile; fileRef = A5FB4E652A98D0FF0034966D /* TAKConstants.swift */; };
		A5FB4E6B2AA751890034966D /* CertificateSigningRequestTests.swift in Sources */ = {isa = PBXBuildFile; fileRef = A5FB4E6A2AA751890034966D /* CertificateSigningRequestTests.swift */; };
		A5FB4E782AAA49D30034966D /* TestConstants.swift in Sources */ = {isa = PBXBuildFile; fileRef = A5FB4E772AAA49D30034966D /* TestConstants.swift */; };
		A5FB4E792AAA4B410034966D /* TAKDataPackageParser.swift in Sources */ = {isa = PBXBuildFile; fileRef = A5E7B00A2A70B5F900D9203F /* TAKDataPackageParser.swift */; };
		A5FB4E7C2AAA4B4F0034966D /* SettingsStore.swift in Sources */ = {isa = PBXBuildFile; fileRef = A50C5F5A2A5F92FF001E52E6 /* SettingsStore.swift */; };
		A5FB4E7D2AAA4B570034966D /* CSRRequestor.swift in Sources */ = {isa = PBXBuildFile; fileRef = A5FB4E632A8FE0020034966D /* CSRRequestor.swift */; };
		A5FB4E7F2AAA4BCB0034966D /* TAKConstants.swift in Sources */ = {isa = PBXBuildFile; fileRef = A5FB4E652A98D0FF0034966D /* TAKConstants.swift */; };
		A5FB4E802AAA4BD70034966D /* TAKLogger.swift in Sources */ = {isa = PBXBuildFile; fileRef = A5E7B0172A76AA8B00D9203F /* TAKLogger.swift */; };
		A5FB4E882AACF2830034966D /* tak-server.pref in Resources */ = {isa = PBXBuildFile; fileRef = A5FB4E832AACF2820034966D /* tak-server.pref */; };
		A5FB4E892AACF2830034966D /* truststore-intermediate.p12 in Resources */ = {isa = PBXBuildFile; fileRef = A5FB4E842AACF2820034966D /* truststore-intermediate.p12 */; };
		A5FB4E8A2AACF2830034966D /* manifest.xml in Resources */ = {isa = PBXBuildFile; fileRef = A5FB4E852AACF2820034966D /* manifest.xml */; };
		A5FB4E8B2AACF2830034966D /* itak-do-foyc.zip in Resources */ = {isa = PBXBuildFile; fileRef = A5FB4E862AACF2820034966D /* itak-do-foyc.zip */; };
		A5FB4E8C2AACF2830034966D /* foyc.p12 in Resources */ = {isa = PBXBuildFile; fileRef = A5FB4E872AACF2830034966D /* foyc.p12 */; };
		A5FB4E8E2AACF2A20034966D /* Assets.xcassets in Resources */ = {isa = PBXBuildFile; fileRef = A5FB4E8D2AACF2A10034966D /* Assets.xcassets */; };
/* End PBXBuildFile section */

/* Begin PBXContainerItemProxy section */
		A5D8D38B2A53B0FA002F0E3E /* PBXContainerItemProxy */ = {
			isa = PBXContainerItemProxy;
			containerPortal = A5D8D3722A53B0F9002F0E3E /* Project object */;
			proxyType = 1;
			remoteGlobalIDString = A5D8D3792A53B0F9002F0E3E;
			remoteInfo = "TAK Spike";
		};
		A5D8D3952A53B0FB002F0E3E /* PBXContainerItemProxy */ = {
			isa = PBXContainerItemProxy;
			containerPortal = A5D8D3722A53B0F9002F0E3E /* Project object */;
			proxyType = 1;
			remoteGlobalIDString = A5D8D3792A53B0F9002F0E3E;
			remoteInfo = "TAK Spike";
		};
/* End PBXContainerItemProxy section */

/* Begin PBXFileReference section */
		A508213E2AB3D19B00E0CBD8 /* TAKCAConfigResponseParser.swift */ = {isa = PBXFileReference; lastKnownFileType = sourcecode.swift; path = TAKCAConfigResponseParser.swift; sourceTree = "<group>"; };
		A50C5F5A2A5F92FF001E52E6 /* SettingsStore.swift */ = {isa = PBXFileReference; lastKnownFileType = sourcecode.swift; path = SettingsStore.swift; sourceTree = "<group>"; };
		A50C5F5C2A601CF0001E52E6 /* SettingsView.swift */ = {isa = PBXFileReference; lastKnownFileType = sourcecode.swift; path = SettingsView.swift; sourceTree = "<group>"; };
		A50C5F5E2A6032D2001E52E6 /* AlertView.swift */ = {isa = PBXFileReference; lastKnownFileType = sourcecode.swift; path = AlertView.swift; sourceTree = "<group>"; };
		A50C5F602A6032E8001E52E6 /* ChatView.swift */ = {isa = PBXFileReference; lastKnownFileType = sourcecode.swift; path = ChatView.swift; sourceTree = "<group>"; };
		A54F70862AB0AEA400D8C541 /* DataPackageParserTests.swift */ = {isa = PBXFileReference; lastKnownFileType = sourcecode.swift; path = DataPackageParserTests.swift; sourceTree = "<group>"; };
		A54F70882AB0C40B00D8C541 /* TCPMessageTests.swift */ = {isa = PBXFileReference; lastKnownFileType = sourcecode.swift; path = TCPMessageTests.swift; sourceTree = "<group>"; };
		A55CE96A2AB1D8860081AF86 /* Converter.swift */ = {isa = PBXFileReference; lastKnownFileType = sourcecode.swift; path = Converter.swift; sourceTree = "<group>"; };
		A55CE96C2AB1D8A20081AF86 /* ConverterTests.swift */ = {isa = PBXFileReference; lastKnownFileType = sourcecode.swift; path = ConverterTests.swift; sourceTree = "<group>"; };
		A58B372C2A57B0390002B984 /* README.md */ = {isa = PBXFileReference; lastKnownFileType = net.daringfireball.markdown; path = README.md; sourceTree = "<group>"; };
		A58B372D2A57B38A0002B984 /* LICENSE.md */ = {isa = PBXFileReference; lastKnownFileType = net.daringfireball.markdown; path = LICENSE.md; sourceTree = "<group>"; };
		A599D66C2A5E45CD00B507D9 /* TAKTracker.entitlements */ = {isa = PBXFileReference; lastKnownFileType = text.plist.entitlements; path = TAKTracker.entitlements; sourceTree = "<group>"; };
		A59C08462AACF95100C33B44 /* CertificateManager.swift */ = {isa = PBXFileReference; lastKnownFileType = sourcecode.swift; path = CertificateManager.swift; sourceTree = "<group>"; };
		A5A49D8F2A5459B5009764C1 /* TAKManager.swift */ = {isa = PBXFileReference; lastKnownFileType = sourcecode.swift; path = TAKManager.swift; sourceTree = "<group>"; };
		A5A49D912A547378009764C1 /* TAKTracker-Info.plist */ = {isa = PBXFileReference; lastKnownFileType = text.plist.xml; path = "TAKTracker-Info.plist"; sourceTree = SOURCE_ROOT; };
		A5BF01FF2A5EB63F0043065B /* UDPMessage.swift */ = {isa = PBXFileReference; lastKnownFileType = sourcecode.swift; path = UDPMessage.swift; sourceTree = "<group>"; };
		A5BF02012A5EBCA40043065B /* TCPMessage.swift */ = {isa = PBXFileReference; lastKnownFileType = sourcecode.swift; path = TCPMessage.swift; sourceTree = "<group>"; };
		A5D8D37A2A53B0F9002F0E3E /* TAKTracker.app */ = {isa = PBXFileReference; explicitFileType = wrapper.application; includeInIndex = 0; path = TAKTracker.app; sourceTree = BUILT_PRODUCTS_DIR; };
		A5D8D37D2A53B0F9002F0E3E /* TAKTrackerApp.swift */ = {isa = PBXFileReference; lastKnownFileType = sourcecode.swift; path = TAKTrackerApp.swift; sourceTree = "<group>"; };
		A5D8D37F2A53B0F9002F0E3E /* MainScreen.swift */ = {isa = PBXFileReference; lastKnownFileType = sourcecode.swift; path = MainScreen.swift; sourceTree = "<group>"; };
		A5D8D3842A53B0FA002F0E3E /* Preview Assets.xcassets */ = {isa = PBXFileReference; lastKnownFileType = folder.assetcatalog; path = "Preview Assets.xcassets"; sourceTree = "<group>"; };
		A5D8D38A2A53B0FA002F0E3E /* TAKTrackerTests.xctest */ = {isa = PBXFileReference; explicitFileType = wrapper.cfbundle; includeInIndex = 0; path = TAKTrackerTests.xctest; sourceTree = BUILT_PRODUCTS_DIR; };
		A5D8D3942A53B0FB002F0E3E /* TAKTrackerUITests.xctest */ = {isa = PBXFileReference; explicitFileType = wrapper.cfbundle; includeInIndex = 0; path = TAKTrackerUITests.xctest; sourceTree = BUILT_PRODUCTS_DIR; };
		A5D8D3982A53B0FB002F0E3E /* TAKTrackerUITests.swift */ = {isa = PBXFileReference; lastKnownFileType = sourcecode.swift; path = TAKTrackerUITests.swift; sourceTree = "<group>"; };
		A5D8D39A2A53B0FB002F0E3E /* TAKTrackerUITestsLaunchTests.swift */ = {isa = PBXFileReference; lastKnownFileType = sourcecode.swift; path = TAKTrackerUITestsLaunchTests.swift; sourceTree = "<group>"; };
		A5D8D3A72A53B465002F0E3E /* LocationManager.swift */ = {isa = PBXFileReference; lastKnownFileType = sourcecode.swift; path = LocationManager.swift; sourceTree = "<group>"; };
		A5E7B00A2A70B5F900D9203F /* TAKDataPackageParser.swift */ = {isa = PBXFileReference; lastKnownFileType = sourcecode.swift; path = TAKDataPackageParser.swift; sourceTree = "<group>"; };
		A5E7B0172A76AA8B00D9203F /* TAKLogger.swift */ = {isa = PBXFileReference; lastKnownFileType = sourcecode.swift; path = TAKLogger.swift; sourceTree = "<group>"; };
		A5FB4E632A8FE0020034966D /* CSRRequestor.swift */ = {isa = PBXFileReference; lastKnownFileType = sourcecode.swift; path = CSRRequestor.swift; sourceTree = "<group>"; };
		A5FB4E652A98D0FF0034966D /* TAKConstants.swift */ = {isa = PBXFileReference; lastKnownFileType = sourcecode.swift; path = TAKConstants.swift; sourceTree = "<group>"; };
		A5FB4E6A2AA751890034966D /* CertificateSigningRequestTests.swift */ = {isa = PBXFileReference; lastKnownFileType = sourcecode.swift; path = CertificateSigningRequestTests.swift; sourceTree = "<group>"; };
		A5FB4E772AAA49D30034966D /* TestConstants.swift */ = {isa = PBXFileReference; lastKnownFileType = sourcecode.swift; path = TestConstants.swift; sourceTree = "<group>"; };
		A5FB4E832AACF2820034966D /* tak-server.pref */ = {isa = PBXFileReference; fileEncoding = 4; lastKnownFileType = text.xml; path = "tak-server.pref"; sourceTree = "<group>"; };
		A5FB4E842AACF2820034966D /* truststore-intermediate.p12 */ = {isa = PBXFileReference; lastKnownFileType = file; path = "truststore-intermediate.p12"; sourceTree = "<group>"; };
		A5FB4E852AACF2820034966D /* manifest.xml */ = {isa = PBXFileReference; fileEncoding = 4; lastKnownFileType = text.xml; path = manifest.xml; sourceTree = "<group>"; };
		A5FB4E862AACF2820034966D /* itak-do-foyc.zip */ = {isa = PBXFileReference; lastKnownFileType = archive.zip; path = "itak-do-foyc.zip"; sourceTree = "<group>"; };
		A5FB4E872AACF2830034966D /* foyc.p12 */ = {isa = PBXFileReference; lastKnownFileType = file; path = foyc.p12; sourceTree = "<group>"; };
		A5FB4E8D2AACF2A10034966D /* Assets.xcassets */ = {isa = PBXFileReference; lastKnownFileType = folder.assetcatalog; path = Assets.xcassets; sourceTree = "<group>"; };
/* End PBXFileReference section */

/* Begin PBXFrameworksBuildPhase section */
		A5D8D3772A53B0F9002F0E3E /* Frameworks */ = {
			isa = PBXFrameworksBuildPhase;
			buildActionMask = 2147483647;
			files = (
				A57BA53B2AB8DB3800452D85 /* SwiftTAK in Frameworks */,
				A5FB4E622A8FDF430034966D /* X509 in Frameworks */,
			);
			runOnlyForDeploymentPostprocessing = 0;
		};
		A5D8D3872A53B0FA002F0E3E /* Frameworks */ = {
			isa = PBXFrameworksBuildPhase;
			buildActionMask = 2147483647;
			files = (
			);
			runOnlyForDeploymentPostprocessing = 0;
		};
		A5D8D3912A53B0FB002F0E3E /* Frameworks */ = {
			isa = PBXFrameworksBuildPhase;
			buildActionMask = 2147483647;
			files = (
			);
			runOnlyForDeploymentPostprocessing = 0;
		};
/* End PBXFrameworksBuildPhase section */

/* Begin PBXGroup section */
		A5D8D3712A53B0F9002F0E3E = {
			isa = PBXGroup;
			children = (
				A58B372C2A57B0390002B984 /* README.md */,
				A58B372D2A57B38A0002B984 /* LICENSE.md */,
				A5D8D37C2A53B0F9002F0E3E /* TAKTracker */,
				A5D8D38D2A53B0FB002F0E3E /* TAKTrackerTests */,
				A5D8D3972A53B0FB002F0E3E /* TAKTrackerUITests */,
				A5D8D37B2A53B0F9002F0E3E /* Products */,
			);
			sourceTree = "<group>";
		};
		A5D8D37B2A53B0F9002F0E3E /* Products */ = {
			isa = PBXGroup;
			children = (
				A5D8D37A2A53B0F9002F0E3E /* TAKTracker.app */,
				A5D8D38A2A53B0FA002F0E3E /* TAKTrackerTests.xctest */,
				A5D8D3942A53B0FB002F0E3E /* TAKTrackerUITests.xctest */,
			);
			name = Products;
			sourceTree = "<group>";
		};
		A5D8D37C2A53B0F9002F0E3E /* TAKTracker */ = {
			isa = PBXGroup;
			children = (
				A5FB4E8D2AACF2A10034966D /* Assets.xcassets */,
				A5E2F8FC2A791F0600EDD0B4 /* Communications */,
				A5E2F8FE2A791F5600EDD0B4 /* Data Models */,
				A5D8D3A72A53B465002F0E3E /* LocationManager.swift */,
				A5E2F8FA2A791EC100EDD0B4 /* Parsers */,
				A5D8D3832A53B0FA002F0E3E /* Preview Content */,
				A5E2F8FD2A791F3000EDD0B4 /* Screens */,
				A5E2F9002A791FD900EDD0B4 /* TAK */,
				A5A49D912A547378009764C1 /* TAKTracker-Info.plist */,
				A599D66C2A5E45CD00B507D9 /* TAKTracker.entitlements */,
				A5E2F8FF2A791F6B00EDD0B4 /* Utilities */,
			);
			path = TAKTracker;
			sourceTree = "<group>";
		};
		A5D8D3832A53B0FA002F0E3E /* Preview Content */ = {
			isa = PBXGroup;
			children = (
				A5D8D3842A53B0FA002F0E3E /* Preview Assets.xcassets */,
			);
			path = "Preview Content";
			sourceTree = "<group>";
		};
		A5D8D38D2A53B0FB002F0E3E /* TAKTrackerTests */ = {
			isa = PBXGroup;
			children = (
				A5FB4E6C2AAA483B0034966D /* Test Files */,
				A5FB4E6A2AA751890034966D /* CertificateSigningRequestTests.swift */,
				A5FB4E772AAA49D30034966D /* TestConstants.swift */,
				A54F70862AB0AEA400D8C541 /* DataPackageParserTests.swift */,
				A54F70882AB0C40B00D8C541 /* TCPMessageTests.swift */,
				A55CE96C2AB1D8A20081AF86 /* ConverterTests.swift */,
			);
			path = TAKTrackerTests;
			sourceTree = "<group>";
		};
		A5D8D3972A53B0FB002F0E3E /* TAKTrackerUITests */ = {
			isa = PBXGroup;
			children = (
				A5D8D3982A53B0FB002F0E3E /* TAKTrackerUITests.swift */,
				A5D8D39A2A53B0FB002F0E3E /* TAKTrackerUITestsLaunchTests.swift */,
			);
			path = TAKTrackerUITests;
			sourceTree = "<group>";
		};
		A5E2F8FA2A791EC100EDD0B4 /* Parsers */ = {
			isa = PBXGroup;
			children = (
				A5E7B00A2A70B5F900D9203F /* TAKDataPackageParser.swift */,
				A508213E2AB3D19B00E0CBD8 /* TAKCAConfigResponseParser.swift */,
			);
			path = Parsers;
			sourceTree = "<group>";
		};
		A5E2F8FC2A791F0600EDD0B4 /* Communications */ = {
			isa = PBXGroup;
			children = (
				A5BF02012A5EBCA40043065B /* TCPMessage.swift */,
				A5BF01FF2A5EB63F0043065B /* UDPMessage.swift */,
				A5FB4E632A8FE0020034966D /* CSRRequestor.swift */,
				A59C08462AACF95100C33B44 /* CertificateManager.swift */,
			);
			path = Communications;
			sourceTree = "<group>";
		};
		A5E2F8FD2A791F3000EDD0B4 /* Screens */ = {
			isa = PBXGroup;
			children = (
				A5D8D37F2A53B0F9002F0E3E /* MainScreen.swift */,
				A50C5F5C2A601CF0001E52E6 /* SettingsView.swift */,
				A5D8D37D2A53B0F9002F0E3E /* TAKTrackerApp.swift */,
				A50C5F5E2A6032D2001E52E6 /* AlertView.swift */,
				A50C5F602A6032E8001E52E6 /* ChatView.swift */,
			);
			path = Screens;
			sourceTree = "<group>";
		};
		A5E2F8FE2A791F5600EDD0B4 /* Data Models */ = {
			isa = PBXGroup;
			children = (
				A50C5F5A2A5F92FF001E52E6 /* SettingsStore.swift */,
				A5FB4E652A98D0FF0034966D /* TAKConstants.swift */,
			);
			path = "Data Models";
			sourceTree = "<group>";
		};
		A5E2F8FF2A791F6B00EDD0B4 /* Utilities */ = {
			isa = PBXGroup;
			children = (
				A5E7B0172A76AA8B00D9203F /* TAKLogger.swift */,
				A55CE96A2AB1D8860081AF86 /* Converter.swift */,
			);
			path = Utilities;
			sourceTree = "<group>";
		};
		A5E2F9002A791FD900EDD0B4 /* TAK */ = {
			isa = PBXGroup;
			children = (
				A5A49D8F2A5459B5009764C1 /* TAKManager.swift */,
			);
			path = TAK;
			sourceTree = "<group>";
		};
		A5FB4E6C2AAA483B0034966D /* Test Files */ = {
			isa = PBXGroup;
			children = (
				A5FB4E872AACF2830034966D /* foyc.p12 */,
				A5FB4E862AACF2820034966D /* itak-do-foyc.zip */,
				A5FB4E852AACF2820034966D /* manifest.xml */,
				A5FB4E832AACF2820034966D /* tak-server.pref */,
				A5FB4E842AACF2820034966D /* truststore-intermediate.p12 */,
			);
			path = "Test Files";
			sourceTree = "<group>";
		};
/* End PBXGroup section */

/* Begin PBXNativeTarget section */
		A5D8D3792A53B0F9002F0E3E /* TAKTracker */ = {
			isa = PBXNativeTarget;
			buildConfigurationList = A5D8D39E2A53B0FB002F0E3E /* Build configuration list for PBXNativeTarget "TAKTracker" */;
			buildPhases = (
				A5D8D3762A53B0F9002F0E3E /* Sources */,
				A5D8D3772A53B0F9002F0E3E /* Frameworks */,
				A5D8D3782A53B0F9002F0E3E /* Resources */,
			);
			buildRules = (
			);
			dependencies = (
			);
			name = TAKTracker;
			packageProductDependencies = (
				A5FB4E612A8FDF430034966D /* X509 */,
				A57BA53A2AB8DB3800452D85 /* SwiftTAK */,
			);
			productName = "TAK Spike";
			productReference = A5D8D37A2A53B0F9002F0E3E /* TAKTracker.app */;
			productType = "com.apple.product-type.application";
		};
		A5D8D3892A53B0FA002F0E3E /* TAKTrackerTests */ = {
			isa = PBXNativeTarget;
			buildConfigurationList = A5D8D3A12A53B0FB002F0E3E /* Build configuration list for PBXNativeTarget "TAKTrackerTests" */;
			buildPhases = (
				A5D8D3862A53B0FA002F0E3E /* Sources */,
				A5D8D3872A53B0FA002F0E3E /* Frameworks */,
				A5D8D3882A53B0FA002F0E3E /* Resources */,
			);
			buildRules = (
			);
			dependencies = (
				A5D8D38C2A53B0FA002F0E3E /* PBXTargetDependency */,
			);
			name = TAKTrackerTests;
			productName = "TAK SpikeTests";
			productReference = A5D8D38A2A53B0FA002F0E3E /* TAKTrackerTests.xctest */;
			productType = "com.apple.product-type.bundle.unit-test";
		};
		A5D8D3932A53B0FB002F0E3E /* TAKTrackerUITests */ = {
			isa = PBXNativeTarget;
			buildConfigurationList = A5D8D3A42A53B0FB002F0E3E /* Build configuration list for PBXNativeTarget "TAKTrackerUITests" */;
			buildPhases = (
				A5D8D3902A53B0FB002F0E3E /* Sources */,
				A5D8D3912A53B0FB002F0E3E /* Frameworks */,
				A5D8D3922A53B0FB002F0E3E /* Resources */,
			);
			buildRules = (
			);
			dependencies = (
				A5D8D3962A53B0FB002F0E3E /* PBXTargetDependency */,
			);
			name = TAKTrackerUITests;
			productName = "TAK SpikeUITests";
			productReference = A5D8D3942A53B0FB002F0E3E /* TAKTrackerUITests.xctest */;
			productType = "com.apple.product-type.bundle.ui-testing";
		};
/* End PBXNativeTarget section */

/* Begin PBXProject section */
		A5D8D3722A53B0F9002F0E3E /* Project object */ = {
			isa = PBXProject;
			attributes = {
				BuildIndependentTargetsInParallel = 1;
				LastSwiftUpdateCheck = 1430;
				LastUpgradeCheck = 1430;
				TargetAttributes = {
					A5D8D3792A53B0F9002F0E3E = {
						CreatedOnToolsVersion = 14.3.1;
					};
					A5D8D3892A53B0FA002F0E3E = {
						CreatedOnToolsVersion = 14.3.1;
						TestTargetID = A5D8D3792A53B0F9002F0E3E;
					};
					A5D8D3932A53B0FB002F0E3E = {
						CreatedOnToolsVersion = 14.3.1;
						TestTargetID = A5D8D3792A53B0F9002F0E3E;
					};
				};
			};
			buildConfigurationList = A5D8D3752A53B0F9002F0E3E /* Build configuration list for PBXProject "TAKTracker" */;
			compatibilityVersion = "Xcode 14.0";
			developmentRegion = en;
			hasScannedForEncodings = 0;
			knownRegions = (
				en,
				Base,
			);
			mainGroup = A5D8D3712A53B0F9002F0E3E;
			packageReferences = (
				A5E7B00C2A70B95E00D9203F /* XCRemoteSwiftPackageReference "ZIPFoundation" */,
				A5FB4E602A8FDF430034966D /* XCRemoteSwiftPackageReference "swift-certificates" */,
				A5FB4E672A9D2BE70034966D /* XCRemoteSwiftPackageReference "CertificateSigningRequest" */,
				A57BA5392AB8DB3800452D85 /* XCRemoteSwiftPackageReference "SwiftTAK" */,
			);
			productRefGroup = A5D8D37B2A53B0F9002F0E3E /* Products */;
			projectDirPath = "";
			projectRoot = "";
			targets = (
				A5D8D3792A53B0F9002F0E3E /* TAKTracker */,
				A5D8D3892A53B0FA002F0E3E /* TAKTrackerTests */,
				A5D8D3932A53B0FB002F0E3E /* TAKTrackerUITests */,
			);
		};
/* End PBXProject section */

/* Begin PBXResourcesBuildPhase section */
		A5D8D3782A53B0F9002F0E3E /* Resources */ = {
			isa = PBXResourcesBuildPhase;
			buildActionMask = 2147483647;
			files = (
				A5FB4E8E2AACF2A20034966D /* Assets.xcassets in Resources */,
				A5D8D3852A53B0FA002F0E3E /* Preview Assets.xcassets in Resources */,
			);
			runOnlyForDeploymentPostprocessing = 0;
		};
		A5D8D3882A53B0FA002F0E3E /* Resources */ = {
			isa = PBXResourcesBuildPhase;
			buildActionMask = 2147483647;
			files = (
				A5FB4E8B2AACF2830034966D /* itak-do-foyc.zip in Resources */,
				A5FB4E8C2AACF2830034966D /* foyc.p12 in Resources */,
				A5FB4E8A2AACF2830034966D /* manifest.xml in Resources */,
				A5FB4E882AACF2830034966D /* tak-server.pref in Resources */,
				A5FB4E892AACF2830034966D /* truststore-intermediate.p12 in Resources */,
			);
			runOnlyForDeploymentPostprocessing = 0;
		};
		A5D8D3922A53B0FB002F0E3E /* Resources */ = {
			isa = PBXResourcesBuildPhase;
			buildActionMask = 2147483647;
			files = (
			);
			runOnlyForDeploymentPostprocessing = 0;
		};
/* End PBXResourcesBuildPhase section */

/* Begin PBXSourcesBuildPhase section */
		A5D8D3762A53B0F9002F0E3E /* Sources */ = {
			isa = PBXSourcesBuildPhase;
			buildActionMask = 2147483647;
			files = (
				A5D8D3802A53B0F9002F0E3E /* MainScreen.swift in Sources */,
				A5BF02002A5EB7440043065B /* UDPMessage.swift in Sources */,
				A5FB4E662A98D0FF0034966D /* TAKConstants.swift in Sources */,
				A5FB4E642A8FE0020034966D /* CSRRequestor.swift in Sources */,
				A50C5F612A6032E8001E52E6 /* ChatView.swift in Sources */,
				A5D8D37E2A53B0F9002F0E3E /* TAKTrackerApp.swift in Sources */,
				A5E7B00B2A70B5FA00D9203F /* TAKDataPackageParser.swift in Sources */,
				A5A49D902A5459B5009764C1 /* TAKManager.swift in Sources */,
				A5E7B0182A76AA8B00D9203F /* TAKLogger.swift in Sources */,
				A508213F2AB3D19B00E0CBD8 /* TAKCAConfigResponseParser.swift in Sources */,
				A5D8D3A82A53B465002F0E3E /* LocationManager.swift in Sources */,
				A55CE96B2AB1D8860081AF86 /* Converter.swift in Sources */,
				A5BF02022A5EBCA40043065B /* TCPMessage.swift in Sources */,
				A50C5F5F2A6032D2001E52E6 /* AlertView.swift in Sources */,
				A59C08472AACF95100C33B44 /* CertificateManager.swift in Sources */,
				A50C5F5D2A601CF0001E52E6 /* SettingsView.swift in Sources */,
				A50C5F5B2A5F92FF001E52E6 /* SettingsStore.swift in Sources */,
			);
			runOnlyForDeploymentPostprocessing = 0;
		};
		A5D8D3862A53B0FA002F0E3E /* Sources */ = {
			isa = PBXSourcesBuildPhase;
			buildActionMask = 2147483647;
			files = (
				A5FB4E802AAA4BD70034966D /* TAKLogger.swift in Sources */,
				A59C08482AAE105100C33B44 /* CertificateManager.swift in Sources */,
				A55CE96E2AB1D8AA0081AF86 /* Converter.swift in Sources */,
				A54F708A2AB0C41100D8C541 /* TCPMessage.swift in Sources */,
				A5FB4E792AAA4B410034966D /* TAKDataPackageParser.swift in Sources */,
				A54F70892AB0C40B00D8C541 /* TCPMessageTests.swift in Sources */,
				A54F70872AB0AEA400D8C541 /* DataPackageParserTests.swift in Sources */,
				A5FB4E7C2AAA4B4F0034966D /* SettingsStore.swift in Sources */,
				A55CE96D2AB1D8A20081AF86 /* ConverterTests.swift in Sources */,
				A5FB4E782AAA49D30034966D /* TestConstants.swift in Sources */,
				A5FB4E6B2AA751890034966D /* CertificateSigningRequestTests.swift in Sources */,
				A5FB4E7F2AAA4BCB0034966D /* TAKConstants.swift in Sources */,
				A5FB4E7D2AAA4B570034966D /* CSRRequestor.swift in Sources */,
			);
			runOnlyForDeploymentPostprocessing = 0;
		};
		A5D8D3902A53B0FB002F0E3E /* Sources */ = {
			isa = PBXSourcesBuildPhase;
			buildActionMask = 2147483647;
			files = (
				A5D8D39B2A53B0FB002F0E3E /* TAKTrackerUITestsLaunchTests.swift in Sources */,
				A5D8D3992A53B0FB002F0E3E /* TAKTrackerUITests.swift in Sources */,
			);
			runOnlyForDeploymentPostprocessing = 0;
		};
/* End PBXSourcesBuildPhase section */

/* Begin PBXTargetDependency section */
		A5D8D38C2A53B0FA002F0E3E /* PBXTargetDependency */ = {
			isa = PBXTargetDependency;
			target = A5D8D3792A53B0F9002F0E3E /* TAKTracker */;
			targetProxy = A5D8D38B2A53B0FA002F0E3E /* PBXContainerItemProxy */;
		};
		A5D8D3962A53B0FB002F0E3E /* PBXTargetDependency */ = {
			isa = PBXTargetDependency;
			target = A5D8D3792A53B0F9002F0E3E /* TAKTracker */;
			targetProxy = A5D8D3952A53B0FB002F0E3E /* PBXContainerItemProxy */;
		};
/* End PBXTargetDependency section */

/* Begin XCBuildConfiguration section */
		A5D8D39C2A53B0FB002F0E3E /* Debug */ = {
			isa = XCBuildConfiguration;
			buildSettings = {
				ALWAYS_SEARCH_USER_PATHS = NO;
				CLANG_ANALYZER_NONNULL = YES;
				CLANG_ANALYZER_NUMBER_OBJECT_CONVERSION = YES_AGGRESSIVE;
				CLANG_CXX_LANGUAGE_STANDARD = "gnu++20";
				CLANG_ENABLE_MODULES = YES;
				CLANG_ENABLE_OBJC_ARC = YES;
				CLANG_ENABLE_OBJC_WEAK = YES;
				CLANG_WARN_BLOCK_CAPTURE_AUTORELEASING = YES;
				CLANG_WARN_BOOL_CONVERSION = YES;
				CLANG_WARN_COMMA = YES;
				CLANG_WARN_CONSTANT_CONVERSION = YES;
				CLANG_WARN_DEPRECATED_OBJC_IMPLEMENTATIONS = YES;
				CLANG_WARN_DIRECT_OBJC_ISA_USAGE = YES_ERROR;
				CLANG_WARN_DOCUMENTATION_COMMENTS = YES;
				CLANG_WARN_EMPTY_BODY = YES;
				CLANG_WARN_ENUM_CONVERSION = YES;
				CLANG_WARN_INFINITE_RECURSION = YES;
				CLANG_WARN_INT_CONVERSION = YES;
				CLANG_WARN_NON_LITERAL_NULL_CONVERSION = YES;
				CLANG_WARN_OBJC_IMPLICIT_RETAIN_SELF = YES;
				CLANG_WARN_OBJC_LITERAL_CONVERSION = YES;
				CLANG_WARN_OBJC_ROOT_CLASS = YES_ERROR;
				CLANG_WARN_QUOTED_INCLUDE_IN_FRAMEWORK_HEADER = YES;
				CLANG_WARN_RANGE_LOOP_ANALYSIS = YES;
				CLANG_WARN_STRICT_PROTOTYPES = YES;
				CLANG_WARN_SUSPICIOUS_MOVE = YES;
				CLANG_WARN_UNGUARDED_AVAILABILITY = YES_AGGRESSIVE;
				CLANG_WARN_UNREACHABLE_CODE = YES;
				CLANG_WARN__DUPLICATE_METHOD_MATCH = YES;
				COPY_PHASE_STRIP = NO;
				DEBUG_INFORMATION_FORMAT = dwarf;
				ENABLE_STRICT_OBJC_MSGSEND = YES;
				ENABLE_TESTABILITY = YES;
				GCC_C_LANGUAGE_STANDARD = gnu11;
				GCC_DYNAMIC_NO_PIC = NO;
				GCC_NO_COMMON_BLOCKS = YES;
				GCC_OPTIMIZATION_LEVEL = 0;
				GCC_PREPROCESSOR_DEFINITIONS = (
					"DEBUG=1",
					"$(inherited)",
				);
				GCC_WARN_64_TO_32_BIT_CONVERSION = YES;
				GCC_WARN_ABOUT_RETURN_TYPE = YES_ERROR;
				GCC_WARN_UNDECLARED_SELECTOR = YES;
				GCC_WARN_UNINITIALIZED_AUTOS = YES_AGGRESSIVE;
				GCC_WARN_UNUSED_FUNCTION = YES;
				GCC_WARN_UNUSED_VARIABLE = YES;
				IPHONEOS_DEPLOYMENT_TARGET = 16.4;
				MTL_ENABLE_DEBUG_INFO = INCLUDE_SOURCE;
				MTL_FAST_MATH = YES;
				ONLY_ACTIVE_ARCH = YES;
				SDKROOT = iphoneos;
				SWIFT_ACTIVE_COMPILATION_CONDITIONS = DEBUG;
				SWIFT_OPTIMIZATION_LEVEL = "-Onone";
			};
			name = Debug;
		};
		A5D8D39D2A53B0FB002F0E3E /* Release */ = {
			isa = XCBuildConfiguration;
			buildSettings = {
				ALWAYS_SEARCH_USER_PATHS = NO;
				CLANG_ANALYZER_NONNULL = YES;
				CLANG_ANALYZER_NUMBER_OBJECT_CONVERSION = YES_AGGRESSIVE;
				CLANG_CXX_LANGUAGE_STANDARD = "gnu++20";
				CLANG_ENABLE_MODULES = YES;
				CLANG_ENABLE_OBJC_ARC = YES;
				CLANG_ENABLE_OBJC_WEAK = YES;
				CLANG_WARN_BLOCK_CAPTURE_AUTORELEASING = YES;
				CLANG_WARN_BOOL_CONVERSION = YES;
				CLANG_WARN_COMMA = YES;
				CLANG_WARN_CONSTANT_CONVERSION = YES;
				CLANG_WARN_DEPRECATED_OBJC_IMPLEMENTATIONS = YES;
				CLANG_WARN_DIRECT_OBJC_ISA_USAGE = YES_ERROR;
				CLANG_WARN_DOCUMENTATION_COMMENTS = YES;
				CLANG_WARN_EMPTY_BODY = YES;
				CLANG_WARN_ENUM_CONVERSION = YES;
				CLANG_WARN_INFINITE_RECURSION = YES;
				CLANG_WARN_INT_CONVERSION = YES;
				CLANG_WARN_NON_LITERAL_NULL_CONVERSION = YES;
				CLANG_WARN_OBJC_IMPLICIT_RETAIN_SELF = YES;
				CLANG_WARN_OBJC_LITERAL_CONVERSION = YES;
				CLANG_WARN_OBJC_ROOT_CLASS = YES_ERROR;
				CLANG_WARN_QUOTED_INCLUDE_IN_FRAMEWORK_HEADER = YES;
				CLANG_WARN_RANGE_LOOP_ANALYSIS = YES;
				CLANG_WARN_STRICT_PROTOTYPES = YES;
				CLANG_WARN_SUSPICIOUS_MOVE = YES;
				CLANG_WARN_UNGUARDED_AVAILABILITY = YES_AGGRESSIVE;
				CLANG_WARN_UNREACHABLE_CODE = YES;
				CLANG_WARN__DUPLICATE_METHOD_MATCH = YES;
				COPY_PHASE_STRIP = NO;
				DEBUG_INFORMATION_FORMAT = "dwarf-with-dsym";
				ENABLE_NS_ASSERTIONS = NO;
				ENABLE_STRICT_OBJC_MSGSEND = YES;
				GCC_C_LANGUAGE_STANDARD = gnu11;
				GCC_NO_COMMON_BLOCKS = YES;
				GCC_WARN_64_TO_32_BIT_CONVERSION = YES;
				GCC_WARN_ABOUT_RETURN_TYPE = YES_ERROR;
				GCC_WARN_UNDECLARED_SELECTOR = YES;
				GCC_WARN_UNINITIALIZED_AUTOS = YES_AGGRESSIVE;
				GCC_WARN_UNUSED_FUNCTION = YES;
				GCC_WARN_UNUSED_VARIABLE = YES;
				IPHONEOS_DEPLOYMENT_TARGET = 16.4;
				MTL_ENABLE_DEBUG_INFO = NO;
				MTL_FAST_MATH = YES;
				SDKROOT = iphoneos;
				SWIFT_COMPILATION_MODE = wholemodule;
				SWIFT_OPTIMIZATION_LEVEL = "-O";
				VALIDATE_PRODUCT = YES;
			};
			name = Release;
		};
		A5D8D39F2A53B0FB002F0E3E /* Debug */ = {
			isa = XCBuildConfiguration;
			buildSettings = {
				ASSETCATALOG_COMPILER_APPICON_NAME = AppIcon;
				ASSETCATALOG_COMPILER_GLOBAL_ACCENT_COLOR_NAME = AccentColor;
				CODE_SIGN_ENTITLEMENTS = TAKTracker/TAKTracker.entitlements;
				CODE_SIGN_STYLE = Automatic;
				CURRENT_PROJECT_VERSION = 34;
				DEVELOPMENT_ASSET_PATHS = "TAKTracker/Preview\\ Content";
				DEVELOPMENT_TEAM = 5LZ5HR44P3;
				ENABLE_PREVIEWS = YES;
				GENERATE_INFOPLIST_FILE = YES;
				INFOPLIST_FILE = "TAKTracker-Info.plist";
				INFOPLIST_KEY_CFBundleDisplayName = "TAK Tracker";
				INFOPLIST_KEY_LSApplicationCategoryType = "public.app-category.navigation";
				INFOPLIST_KEY_NSLocalNetworkUsageDescription = "Allow TAK Tracker to access the local network to broadcast CoT?";
				INFOPLIST_KEY_NSLocationAlwaysAndWhenInUseUsageDescription = "Allow TAK Tracker to update the map in the background?";
				INFOPLIST_KEY_NSLocationWhenInUseUsageDescription = "Allow TAK Tracker to use your location to update the map?";
				INFOPLIST_KEY_UIApplicationSceneManifest_Generation = YES;
				INFOPLIST_KEY_UIApplicationSupportsIndirectInputEvents = YES;
				INFOPLIST_KEY_UILaunchScreen_Generation = YES;
				INFOPLIST_KEY_UIRequiresFullScreen = YES;
				INFOPLIST_KEY_UISupportedInterfaceOrientations = "UIInterfaceOrientationLandscapeRight UIInterfaceOrientationPortrait";
				IPHONEOS_DEPLOYMENT_TARGET = 15.0;
				LD_RUNPATH_SEARCH_PATHS = (
					"$(inherited)",
					"@executable_path/Frameworks",
				);
				MARKETING_VERSION = 1.0;
				PRODUCT_BUNDLE_IDENTIFIER = com.flighttactics.TAKTracker;
				PRODUCT_NAME = "$(TARGET_NAME)";
				SWIFT_EMIT_LOC_STRINGS = YES;
				SWIFT_VERSION = 5.0;
				TARGETED_DEVICE_FAMILY = "1,2";
			};
			name = Debug;
		};
		A5D8D3A02A53B0FB002F0E3E /* Release */ = {
			isa = XCBuildConfiguration;
			buildSettings = {
				ASSETCATALOG_COMPILER_APPICON_NAME = AppIcon;
				ASSETCATALOG_COMPILER_GLOBAL_ACCENT_COLOR_NAME = AccentColor;
				CODE_SIGN_ENTITLEMENTS = TAKTracker/TAKTracker.entitlements;
				CODE_SIGN_STYLE = Automatic;
				CURRENT_PROJECT_VERSION = 34;
				DEVELOPMENT_ASSET_PATHS = "TAKTracker/Preview\\ Content";
				DEVELOPMENT_TEAM = 5LZ5HR44P3;
				ENABLE_PREVIEWS = YES;
				GENERATE_INFOPLIST_FILE = YES;
				INFOPLIST_FILE = "TAKTracker-Info.plist";
				INFOPLIST_KEY_CFBundleDisplayName = "TAK Tracker";
				INFOPLIST_KEY_LSApplicationCategoryType = "public.app-category.navigation";
				INFOPLIST_KEY_NSLocalNetworkUsageDescription = "Allow TAK Tracker to access the local network to broadcast CoT?";
				INFOPLIST_KEY_NSLocationAlwaysAndWhenInUseUsageDescription = "Allow TAK Tracker to update the map in the background?";
				INFOPLIST_KEY_NSLocationWhenInUseUsageDescription = "Allow TAK Tracker to use your location to update the map?";
				INFOPLIST_KEY_UIApplicationSceneManifest_Generation = YES;
				INFOPLIST_KEY_UIApplicationSupportsIndirectInputEvents = YES;
				INFOPLIST_KEY_UILaunchScreen_Generation = YES;
				INFOPLIST_KEY_UIRequiresFullScreen = YES;
				INFOPLIST_KEY_UISupportedInterfaceOrientations = "UIInterfaceOrientationLandscapeRight UIInterfaceOrientationPortrait";
				IPHONEOS_DEPLOYMENT_TARGET = 15.0;
				LD_RUNPATH_SEARCH_PATHS = (
					"$(inherited)",
					"@executable_path/Frameworks",
				);
				MARKETING_VERSION = 1.0;
				PRODUCT_BUNDLE_IDENTIFIER = com.flighttactics.TAKTracker;
				PRODUCT_NAME = "$(TARGET_NAME)";
				SWIFT_EMIT_LOC_STRINGS = YES;
				SWIFT_VERSION = 5.0;
				TARGETED_DEVICE_FAMILY = "1,2";
			};
			name = Release;
		};
		A5D8D3A22A53B0FB002F0E3E /* Debug */ = {
			isa = XCBuildConfiguration;
			buildSettings = {
				ALWAYS_EMBED_SWIFT_STANDARD_LIBRARIES = YES;
				BUNDLE_LOADER = "$(TEST_HOST)";
				CODE_SIGN_STYLE = Automatic;
				CURRENT_PROJECT_VERSION = 32;
				DEVELOPMENT_TEAM = 5LZ5HR44P3;
				GENERATE_INFOPLIST_FILE = YES;
				IPHONEOS_DEPLOYMENT_TARGET = 16.4;
				MARKETING_VERSION = 1.0;
				PRODUCT_BUNDLE_IDENTIFIER = "com.flighttactics.TAK-SpikeTests";
				PRODUCT_NAME = "$(TARGET_NAME)";
				SWIFT_EMIT_LOC_STRINGS = NO;
				SWIFT_VERSION = 5.0;
				TARGETED_DEVICE_FAMILY = "1,2";
				TEST_HOST = "$(BUILT_PRODUCTS_DIR)/TAKTracker.app/$(BUNDLE_EXECUTABLE_FOLDER_PATH)/TAKTracker";
			};
			name = Debug;
		};
		A5D8D3A32A53B0FB002F0E3E /* Release */ = {
			isa = XCBuildConfiguration;
			buildSettings = {
				ALWAYS_EMBED_SWIFT_STANDARD_LIBRARIES = YES;
				BUNDLE_LOADER = "$(TEST_HOST)";
				CODE_SIGN_STYLE = Automatic;
				CURRENT_PROJECT_VERSION = 32;
				DEVELOPMENT_TEAM = 5LZ5HR44P3;
				GENERATE_INFOPLIST_FILE = YES;
				IPHONEOS_DEPLOYMENT_TARGET = 16.4;
				MARKETING_VERSION = 1.0;
				PRODUCT_BUNDLE_IDENTIFIER = "com.flighttactics.TAK-SpikeTests";
				PRODUCT_NAME = "$(TARGET_NAME)";
				SWIFT_EMIT_LOC_STRINGS = NO;
				SWIFT_VERSION = 5.0;
				TARGETED_DEVICE_FAMILY = "1,2";
				TEST_HOST = "$(BUILT_PRODUCTS_DIR)/TAKTracker.app/$(BUNDLE_EXECUTABLE_FOLDER_PATH)/TAKTracker";
			};
			name = Release;
		};
		A5D8D3A52A53B0FB002F0E3E /* Debug */ = {
			isa = XCBuildConfiguration;
			buildSettings = {
				ALWAYS_EMBED_SWIFT_STANDARD_LIBRARIES = YES;
				CODE_SIGN_STYLE = Automatic;
				CURRENT_PROJECT_VERSION = 32;
				DEVELOPMENT_TEAM = 5LZ5HR44P3;
				GENERATE_INFOPLIST_FILE = YES;
				MARKETING_VERSION = 1.0;
				PRODUCT_BUNDLE_IDENTIFIER = "com.flighttactics.TAK-SpikeUITests";
				PRODUCT_NAME = "$(TARGET_NAME)";
				SWIFT_EMIT_LOC_STRINGS = NO;
				SWIFT_VERSION = 5.0;
				TARGETED_DEVICE_FAMILY = "1,2";
				TEST_TARGET_NAME = "TAK Spike";
			};
			name = Debug;
		};
		A5D8D3A62A53B0FB002F0E3E /* Release */ = {
			isa = XCBuildConfiguration;
			buildSettings = {
				ALWAYS_EMBED_SWIFT_STANDARD_LIBRARIES = YES;
				CODE_SIGN_STYLE = Automatic;
				CURRENT_PROJECT_VERSION = 32;
				DEVELOPMENT_TEAM = 5LZ5HR44P3;
				GENERATE_INFOPLIST_FILE = YES;
				MARKETING_VERSION = 1.0;
				PRODUCT_BUNDLE_IDENTIFIER = "com.flighttactics.TAK-SpikeUITests";
				PRODUCT_NAME = "$(TARGET_NAME)";
				SWIFT_EMIT_LOC_STRINGS = NO;
				SWIFT_VERSION = 5.0;
				TARGETED_DEVICE_FAMILY = "1,2";
				TEST_TARGET_NAME = "TAK Spike";
			};
			name = Release;
		};
/* End XCBuildConfiguration section */

/* Begin XCConfigurationList section */
		A5D8D3752A53B0F9002F0E3E /* Build configuration list for PBXProject "TAKTracker" */ = {
			isa = XCConfigurationList;
			buildConfigurations = (
				A5D8D39C2A53B0FB002F0E3E /* Debug */,
				A5D8D39D2A53B0FB002F0E3E /* Release */,
			);
			defaultConfigurationIsVisible = 0;
			defaultConfigurationName = Release;
		};
		A5D8D39E2A53B0FB002F0E3E /* Build configuration list for PBXNativeTarget "TAKTracker" */ = {
			isa = XCConfigurationList;
			buildConfigurations = (
				A5D8D39F2A53B0FB002F0E3E /* Debug */,
				A5D8D3A02A53B0FB002F0E3E /* Release */,
			);
			defaultConfigurationIsVisible = 0;
			defaultConfigurationName = Release;
		};
		A5D8D3A12A53B0FB002F0E3E /* Build configuration list for PBXNativeTarget "TAKTrackerTests" */ = {
			isa = XCConfigurationList;
			buildConfigurations = (
				A5D8D3A22A53B0FB002F0E3E /* Debug */,
				A5D8D3A32A53B0FB002F0E3E /* Release */,
			);
			defaultConfigurationIsVisible = 0;
			defaultConfigurationName = Release;
		};
		A5D8D3A42A53B0FB002F0E3E /* Build configuration list for PBXNativeTarget "TAKTrackerUITests" */ = {
			isa = XCConfigurationList;
			buildConfigurations = (
				A5D8D3A52A53B0FB002F0E3E /* Debug */,
				A5D8D3A62A53B0FB002F0E3E /* Release */,
			);
			defaultConfigurationIsVisible = 0;
			defaultConfigurationName = Release;
		};
/* End XCConfigurationList section */

/* Begin XCRemoteSwiftPackageReference section */
		A57BA5392AB8DB3800452D85 /* XCRemoteSwiftPackageReference "SwiftTAK" */ = {
			isa = XCRemoteSwiftPackageReference;
			repositoryURL = "https://github.com/flighttactics/SwiftTAK";
			requirement = {
				branch = main;
				kind = branch;
			};
		};
		A5E7B00C2A70B95E00D9203F /* XCRemoteSwiftPackageReference "ZIPFoundation" */ = {
			isa = XCRemoteSwiftPackageReference;
			repositoryURL = "https://github.com/weichsel/ZIPFoundation.git";
			requirement = {
				kind = upToNextMajorVersion;
				minimumVersion = 0.9.16;
			};
		};
		A5FB4E602A8FDF430034966D /* XCRemoteSwiftPackageReference "swift-certificates" */ = {
			isa = XCRemoteSwiftPackageReference;
			repositoryURL = "https://github.com/apple/swift-certificates.git";
			requirement = {
				kind = upToNextMinorVersion;
				minimumVersion = 0.6.0;
			};
		};
		A5FB4E672A9D2BE70034966D /* XCRemoteSwiftPackageReference "CertificateSigningRequest" */ = {
			isa = XCRemoteSwiftPackageReference;
			repositoryURL = "https://github.com/cbaker6/CertificateSigningRequest.git";
			requirement = {
				kind = upToNextMajorVersion;
				minimumVersion = 1.0.0;
			};
		};
/* End XCRemoteSwiftPackageReference section */

/* Begin XCSwiftPackageProductDependency section */
		A57BA53A2AB8DB3800452D85 /* SwiftTAK */ = {
			isa = XCSwiftPackageProductDependency;
			package = A57BA5392AB8DB3800452D85 /* XCRemoteSwiftPackageReference "SwiftTAK" */;
			productName = SwiftTAK;
		};
		A5FB4E612A8FDF430034966D /* X509 */ = {
			isa = XCSwiftPackageProductDependency;
			package = A5FB4E602A8FDF430034966D /* XCRemoteSwiftPackageReference "swift-certificates" */;
			productName = X509;
		};
/* End XCSwiftPackageProductDependency section */
	};
	rootObject = A5D8D3722A53B0F9002F0E3E /* Project object */;
}
